// !$*UTF8*$!
{
	archiveVersion = 1;
	classes = {
	};
	objectVersion = 51;
	objects = {

/* Begin PBXBuildFile section */
		5C8F2417B0F5C49381B01026 /* Pods_ChatNoir.framework in Frameworks */ = {isa = PBXBuildFile; fileRef = 1693D53B8DA2BD19E0FF3E6A /* Pods_ChatNoir.framework */; };
		B6DCD6A0255AEDA100340143 /* AppDelegate.swift in Sources */ = {isa = PBXBuildFile; fileRef = B6DCD69F255AEDA100340143 /* AppDelegate.swift */; };
		B6DCD6A2255AEDA100340143 /* SceneDelegate.swift in Sources */ = {isa = PBXBuildFile; fileRef = B6DCD6A1255AEDA100340143 /* SceneDelegate.swift */; };
		B6DCD6A7255AEDA100340143 /* Main.storyboard in Resources */ = {isa = PBXBuildFile; fileRef = B6DCD6A5255AEDA100340143 /* Main.storyboard */; };
		B6DCD6A9255AEDA300340143 /* Assets.xcassets in Resources */ = {isa = PBXBuildFile; fileRef = B6DCD6A8255AEDA300340143 /* Assets.xcassets */; };
		B6DCD6AC255AEDA300340143 /* LaunchScreen.storyboard in Resources */ = {isa = PBXBuildFile; fileRef = B6DCD6AA255AEDA300340143 /* LaunchScreen.storyboard */; };
		B6DCD6DA255B129F00340143 /* GoogleService-Info.plist in Resources */ = {isa = PBXBuildFile; fileRef = B6DCD6D9255B129F00340143 /* GoogleService-Info.plist */; };
		B6DCD74F255C48B500340143 /* LogController.swift in Sources */ = {isa = PBXBuildFile; fileRef = B6DCD74E255C48B500340143 /* LogController.swift */; };
		B6DCD753255C4AAA00340143 /* FireAuth.swift in Sources */ = {isa = PBXBuildFile; fileRef = B6DCD752255C4AAA00340143 /* FireAuth.swift */; };
		B6DCD75B255C601500340143 /* RoundedButton.swift in Sources */ = {isa = PBXBuildFile; fileRef = B6DCD75A255C601500340143 /* RoundedButton.swift */; };
/* End PBXBuildFile section */

/* Begin PBXFileReference section */
		1693D53B8DA2BD19E0FF3E6A /* Pods_ChatNoir.framework */ = {isa = PBXFileReference; explicitFileType = wrapper.framework; includeInIndex = 0; path = Pods_ChatNoir.framework; sourceTree = BUILT_PRODUCTS_DIR; };
		1FA74AD02F54695574D5BF62 /* Pods-ChatNoir.debug.xcconfig */ = {isa = PBXFileReference; includeInIndex = 1; lastKnownFileType = text.xcconfig; name = "Pods-ChatNoir.debug.xcconfig"; path = "Target Support Files/Pods-ChatNoir/Pods-ChatNoir.debug.xcconfig"; sourceTree = "<group>"; };
		5758A7C3B6FADA7B5276A150 /* Pods-ChatNoir.release.xcconfig */ = {isa = PBXFileReference; includeInIndex = 1; lastKnownFileType = text.xcconfig; name = "Pods-ChatNoir.release.xcconfig"; path = "Target Support Files/Pods-ChatNoir/Pods-ChatNoir.release.xcconfig"; sourceTree = "<group>"; };
		B6DCD69C255AEDA100340143 /* ChatNoir.app */ = {isa = PBXFileReference; explicitFileType = wrapper.application; includeInIndex = 0; path = ChatNoir.app; sourceTree = BUILT_PRODUCTS_DIR; };
		B6DCD69F255AEDA100340143 /* AppDelegate.swift */ = {isa = PBXFileReference; lastKnownFileType = sourcecode.swift; path = AppDelegate.swift; sourceTree = "<group>"; };
		B6DCD6A1255AEDA100340143 /* SceneDelegate.swift */ = {isa = PBXFileReference; lastKnownFileType = sourcecode.swift; path = SceneDelegate.swift; sourceTree = "<group>"; };
		B6DCD6A6255AEDA100340143 /* Base */ = {isa = PBXFileReference; lastKnownFileType = file.storyboard; name = Base; path = Base.lproj/Main.storyboard; sourceTree = "<group>"; };
		B6DCD6A8255AEDA300340143 /* Assets.xcassets */ = {isa = PBXFileReference; lastKnownFileType = folder.assetcatalog; path = Assets.xcassets; sourceTree = "<group>"; };
		B6DCD6AB255AEDA300340143 /* Base */ = {isa = PBXFileReference; lastKnownFileType = file.storyboard; name = Base; path = Base.lproj/LaunchScreen.storyboard; sourceTree = "<group>"; };
		B6DCD6AD255AEDA300340143 /* Info.plist */ = {isa = PBXFileReference; lastKnownFileType = text.plist.xml; path = Info.plist; sourceTree = "<group>"; };
		B6DCD6D9255B129F00340143 /* GoogleService-Info.plist */ = {isa = PBXFileReference; fileEncoding = 4; lastKnownFileType = text.plist.xml; path = "GoogleService-Info.plist"; sourceTree = "<group>"; };
		B6DCD74E255C48B500340143 /* LogController.swift */ = {isa = PBXFileReference; lastKnownFileType = sourcecode.swift; path = LogController.swift; sourceTree = "<group>"; };
		B6DCD752255C4AAA00340143 /* FireAuth.swift */ = {isa = PBXFileReference; lastKnownFileType = sourcecode.swift; path = FireAuth.swift; sourceTree = "<group>"; };
		B6DCD75A255C601500340143 /* RoundedButton.swift */ = {isa = PBXFileReference; lastKnownFileType = sourcecode.swift; path = RoundedButton.swift; sourceTree = "<group>"; };
/* End PBXFileReference section */

/* Begin PBXFrameworksBuildPhase section */
		B6DCD699255AEDA100340143 /* Frameworks */ = {
			isa = PBXFrameworksBuildPhase;
			buildActionMask = 2147483647;
			files = (
				5C8F2417B0F5C49381B01026 /* Pods_ChatNoir.framework in Frameworks */,
			);
			runOnlyForDeploymentPostprocessing = 0;
		};
/* End PBXFrameworksBuildPhase section */

/* Begin PBXGroup section */
		5503097E56CA4FB3EF9EE770 /* Frameworks */ = {
			isa = PBXGroup;
			children = (
				1693D53B8DA2BD19E0FF3E6A /* Pods_ChatNoir.framework */,
			);
			name = Frameworks;
			sourceTree = "<group>";
		};
		932752290CFEABBAEA91926B /* Pods */ = {
			isa = PBXGroup;
			children = (
				1FA74AD02F54695574D5BF62 /* Pods-ChatNoir.debug.xcconfig */,
				5758A7C3B6FADA7B5276A150 /* Pods-ChatNoir.release.xcconfig */,
			);
			path = Pods;
			sourceTree = "<group>";
		};
		B6DCD693255AEDA100340143 = {
			isa = PBXGroup;
			children = (
				B6DCD69E255AEDA100340143 /* ChatNoir */,
				B6DCD69D255AEDA100340143 /* Products */,
				932752290CFEABBAEA91926B /* Pods */,
				5503097E56CA4FB3EF9EE770 /* Frameworks */,
			);
			sourceTree = "<group>";
		};
		B6DCD69D255AEDA100340143 /* Products */ = {
			isa = PBXGroup;
			children = (
				B6DCD69C255AEDA100340143 /* ChatNoir.app */,
			);
			name = Products;
			sourceTree = "<group>";
		};
		B6DCD69E255AEDA100340143 /* ChatNoir */ = {
			isa = PBXGroup;
			children = (
				B6DCD751255C4A7900340143 /* FirebaseUtils */,
				B6DCD74D255C481300340143 /* Models */,
				B6DCD74C255C480400340143 /* Views */,
				B6DCD74A255C47E700340143 /* Controllers */,
				B6DCD69F255AEDA100340143 /* AppDelegate.swift */,
				B6DCD6A1255AEDA100340143 /* SceneDelegate.swift */,
				B6DCD6A5255AEDA100340143 /* Main.storyboard */,
				B6DCD6A8255AEDA300340143 /* Assets.xcassets */,
				B6DCD6AA255AEDA300340143 /* LaunchScreen.storyboard */,
				B6DCD6AD255AEDA300340143 /* Info.plist */,
				B6DCD6D9255B129F00340143 /* GoogleService-Info.plist */,
			);
			path = ChatNoir;
			sourceTree = "<group>";
		};
		B6DCD74A255C47E700340143 /* Controllers */ = {
			isa = PBXGroup;
			children = (
				B6DCD74E255C48B500340143 /* LogController.swift */,
			);
			path = Controllers;
			sourceTree = "<group>";
		};
		B6DCD74C255C480400340143 /* Views */ = {
			isa = PBXGroup;
			children = (
				B6DCD75A255C601500340143 /* RoundedButton.swift */,
			);
			path = Views;
			sourceTree = "<group>";
		};
		B6DCD74D255C481300340143 /* Models */ = {
			isa = PBXGroup;
			children = (
			);
			path = Models;
			sourceTree = "<group>";
		};
		B6DCD751255C4A7900340143 /* FirebaseUtils */ = {
			isa = PBXGroup;
			children = (
				B6DCD752255C4AAA00340143 /* FireAuth.swift */,
			);
			path = FirebaseUtils;
			sourceTree = "<group>";
		};
/* End PBXGroup section */

/* Begin PBXNativeTarget section */
		B6DCD69B255AEDA100340143 /* ChatNoir */ = {
			isa = PBXNativeTarget;
			buildConfigurationList = B6DCD6B0255AEDA300340143 /* Build configuration list for PBXNativeTarget "ChatNoir" */;
			buildPhases = (
				AD12FFC5EECA7D7B175D0E73 /* [CP] Check Pods Manifest.lock */,
				B6DCD698255AEDA100340143 /* Sources */,
				B6DCD699255AEDA100340143 /* Frameworks */,
				B6DCD69A255AEDA100340143 /* Resources */,
				48A23D94787AF3662D86B74E /* [CP] Embed Pods Frameworks */,
			);
			buildRules = (
			);
			dependencies = (
			);
			name = ChatNoir;
			productName = ChatNoir;
			productReference = B6DCD69C255AEDA100340143 /* ChatNoir.app */;
			productType = "com.apple.product-type.application";
		};
/* End PBXNativeTarget section */

/* Begin PBXProject section */
		B6DCD694255AEDA100340143 /* Project object */ = {
			isa = PBXProject;
			attributes = {
				LastSwiftUpdateCheck = 1210;
				LastUpgradeCheck = 1210;
				TargetAttributes = {
					B6DCD69B255AEDA100340143 = {
						CreatedOnToolsVersion = 12.1;
					};
				};
			};
			buildConfigurationList = B6DCD697255AEDA100340143 /* Build configuration list for PBXProject "ChatNoir" */;
			compatibilityVersion = "Xcode 9.3";
			developmentRegion = en;
			hasScannedForEncodings = 0;
			knownRegions = (
				en,
				Base,
			);
			mainGroup = B6DCD693255AEDA100340143;
			productRefGroup = B6DCD69D255AEDA100340143 /* Products */;
			projectDirPath = "";
			projectRoot = "";
			targets = (
				B6DCD69B255AEDA100340143 /* ChatNoir */,
			);
		};
/* End PBXProject section */

/* Begin PBXResourcesBuildPhase section */
		B6DCD69A255AEDA100340143 /* Resources */ = {
			isa = PBXResourcesBuildPhase;
			buildActionMask = 2147483647;
			files = (
				B6DCD6AC255AEDA300340143 /* LaunchScreen.storyboard in Resources */,
				B6DCD6A9255AEDA300340143 /* Assets.xcassets in Resources */,
				B6DCD6A7255AEDA100340143 /* Main.storyboard in Resources */,
				B6DCD6DA255B129F00340143 /* GoogleService-Info.plist in Resources */,
			);
			runOnlyForDeploymentPostprocessing = 0;
		};
/* End PBXResourcesBuildPhase section */

/* Begin PBXShellScriptBuildPhase section */
		48A23D94787AF3662D86B74E /* [CP] Embed Pods Frameworks */ = {
			isa = PBXShellScriptBuildPhase;
			buildActionMask = 2147483647;
			files = (
			);
			inputFileListPaths = (
				"${PODS_ROOT}/Target Support Files/Pods-ChatNoir/Pods-ChatNoir-frameworks-${CONFIGURATION}-input-files.xcfilelist",
			);
			name = "[CP] Embed Pods Frameworks";
			outputFileListPaths = (
				"${PODS_ROOT}/Target Support Files/Pods-ChatNoir/Pods-ChatNoir-frameworks-${CONFIGURATION}-output-files.xcfilelist",
			);
			runOnlyForDeploymentPostprocessing = 0;
			shellPath = /bin/sh;
			shellScript = "\"${PODS_ROOT}/Target Support Files/Pods-ChatNoir/Pods-ChatNoir-frameworks.sh\"\n";
			showEnvVarsInLog = 0;
		};
		AD12FFC5EECA7D7B175D0E73 /* [CP] Check Pods Manifest.lock */ = {
			isa = PBXShellScriptBuildPhase;
			buildActionMask = 2147483647;
			files = (
			);
			inputFileListPaths = (
			);
			inputPaths = (
				"${PODS_PODFILE_DIR_PATH}/Podfile.lock",
				"${PODS_ROOT}/Manifest.lock",
			);
			name = "[CP] Check Pods Manifest.lock";
			outputFileListPaths = (
			);
			outputPaths = (
				"$(DERIVED_FILE_DIR)/Pods-ChatNoir-checkManifestLockResult.txt",
			);
			runOnlyForDeploymentPostprocessing = 0;
			shellPath = /bin/sh;
			shellScript = "diff \"${PODS_PODFILE_DIR_PATH}/Podfile.lock\" \"${PODS_ROOT}/Manifest.lock\" > /dev/null\nif [ $? != 0 ] ; then\n    # print error to STDERR\n    echo \"error: The sandbox is not in sync with the Podfile.lock. Run 'pod install' or update your CocoaPods installation.\" >&2\n    exit 1\nfi\n# This output is used by Xcode 'outputs' to avoid re-running this script phase.\necho \"SUCCESS\" > \"${SCRIPT_OUTPUT_FILE_0}\"\n";
			showEnvVarsInLog = 0;
		};
/* End PBXShellScriptBuildPhase section */

/* Begin PBXSourcesBuildPhase section */
		B6DCD698255AEDA100340143 /* Sources */ = {
			isa = PBXSourcesBuildPhase;
			buildActionMask = 2147483647;
			files = (
				B6DCD74F255C48B500340143 /* LogController.swift in Sources */,
				B6DCD75B255C601500340143 /* RoundedButton.swift in Sources */,
				B6DCD753255C4AAA00340143 /* FireAuth.swift in Sources */,
				B6DCD6A0255AEDA100340143 /* AppDelegate.swift in Sources */,
				B6DCD6A2255AEDA100340143 /* SceneDelegate.swift in Sources */,
			);
			runOnlyForDeploymentPostprocessing = 0;
		};
/* End PBXSourcesBuildPhase section */

/* Begin PBXVariantGroup section */
		B6DCD6A5255AEDA100340143 /* Main.storyboard */ = {
			isa = PBXVariantGroup;
			children = (
				B6DCD6A6255AEDA100340143 /* Base */,
			);
			name = Main.storyboard;
			sourceTree = "<group>";
		};
		B6DCD6AA255AEDA300340143 /* LaunchScreen.storyboard */ = {
			isa = PBXVariantGroup;
			children = (
				B6DCD6AB255AEDA300340143 /* Base */,
			);
			name = LaunchScreen.storyboard;
			sourceTree = "<group>";
		};
/* End PBXVariantGroup section */

/* Begin XCBuildConfiguration section */
		B6DCD6AE255AEDA300340143 /* Debug */ = {
			isa = XCBuildConfiguration;
			buildSettings = {
				ALWAYS_SEARCH_USER_PATHS = NO;
				CLANG_ANALYZER_NONNULL = YES;
				CLANG_ANALYZER_NUMBER_OBJECT_CONVERSION = YES_AGGRESSIVE;
				CLANG_CXX_LANGUAGE_STANDARD = "gnu++14";
				CLANG_CXX_LIBRARY = "libc++";
				CLANG_ENABLE_MODULES = YES;
				CLANG_ENABLE_OBJC_ARC = YES;
				CLANG_ENABLE_OBJC_WEAK = YES;
				CLANG_WARN_BLOCK_CAPTURE_AUTORELEASING = YES;
				CLANG_WARN_BOOL_CONVERSION = YES;
				CLANG_WARN_COMMA = YES;
				CLANG_WARN_CONSTANT_CONVERSION = YES;
				CLANG_WARN_DEPRECATED_OBJC_IMPLEMENTATIONS = YES;
				CLANG_WARN_DIRECT_OBJC_ISA_USAGE = YES_ERROR;
				CLANG_WARN_DOCUMENTATION_COMMENTS = YES;
				CLANG_WARN_EMPTY_BODY = YES;
				CLANG_WARN_ENUM_CONVERSION = YES;
				CLANG_WARN_INFINITE_RECURSION = YES;
				CLANG_WARN_INT_CONVERSION = YES;
				CLANG_WARN_NON_LITERAL_NULL_CONVERSION = YES;
				CLANG_WARN_OBJC_IMPLICIT_RETAIN_SELF = YES;
				CLANG_WARN_OBJC_LITERAL_CONVERSION = YES;
				CLANG_WARN_OBJC_ROOT_CLASS = YES_ERROR;
				CLANG_WARN_QUOTED_INCLUDE_IN_FRAMEWORK_HEADER = YES;
				CLANG_WARN_RANGE_LOOP_ANALYSIS = YES;
				CLANG_WARN_STRICT_PROTOTYPES = YES;
				CLANG_WARN_SUSPICIOUS_MOVE = YES;
				CLANG_WARN_UNGUARDED_AVAILABILITY = YES_AGGRESSIVE;
				CLANG_WARN_UNREACHABLE_CODE = YES;
				CLANG_WARN__DUPLICATE_METHOD_MATCH = YES;
				COPY_PHASE_STRIP = NO;
				DEBUG_INFORMATION_FORMAT = dwarf;
				ENABLE_STRICT_OBJC_MSGSEND = YES;
				ENABLE_TESTABILITY = YES;
				GCC_C_LANGUAGE_STANDARD = gnu11;
				GCC_DYNAMIC_NO_PIC = NO;
				GCC_NO_COMMON_BLOCKS = YES;
				GCC_OPTIMIZATION_LEVEL = 0;
				GCC_PREPROCESSOR_DEFINITIONS = (
					"DEBUG=1",
					"$(inherited)",
				);
				GCC_WARN_64_TO_32_BIT_CONVERSION = YES;
				GCC_WARN_ABOUT_RETURN_TYPE = YES_ERROR;
				GCC_WARN_UNDECLARED_SELECTOR = YES;
				GCC_WARN_UNINITIALIZED_AUTOS = YES_AGGRESSIVE;
				GCC_WARN_UNUSED_FUNCTION = YES;
				GCC_WARN_UNUSED_VARIABLE = YES;
				IPHONEOS_DEPLOYMENT_TARGET = 14.1;
				MTL_ENABLE_DEBUG_INFO = INCLUDE_SOURCE;
				MTL_FAST_MATH = YES;
				ONLY_ACTIVE_ARCH = YES;
				SDKROOT = iphoneos;
				SWIFT_ACTIVE_COMPILATION_CONDITIONS = DEBUG;
				SWIFT_OPTIMIZATION_LEVEL = "-Onone";
			};
			name = Debug;
		};
		B6DCD6AF255AEDA300340143 /* Release */ = {
			isa = XCBuildConfiguration;
			buildSettings = {
				ALWAYS_SEARCH_USER_PATHS = NO;
				CLANG_ANALYZER_NONNULL = YES;
				CLANG_ANALYZER_NUMBER_OBJECT_CONVERSION = YES_AGGRESSIVE;
				CLANG_CXX_LANGUAGE_STANDARD = "gnu++14";
				CLANG_CXX_LIBRARY = "libc++";
				CLANG_ENABLE_MODULES = YES;
				CLANG_ENABLE_OBJC_ARC = YES;
				CLANG_ENABLE_OBJC_WEAK = YES;
				CLANG_WARN_BLOCK_CAPTURE_AUTORELEASING = YES;
				CLANG_WARN_BOOL_CONVERSION = YES;
				CLANG_WARN_COMMA = YES;
				CLANG_WARN_CONSTANT_CONVERSION = YES;
				CLANG_WARN_DEPRECATED_OBJC_IMPLEMENTATIONS = YES;
				CLANG_WARN_DIRECT_OBJC_ISA_USAGE = YES_ERROR;
				CLANG_WARN_DOCUMENTATION_COMMENTS = YES;
				CLANG_WARN_EMPTY_BODY = YES;
				CLANG_WARN_ENUM_CONVERSION = YES;
				CLANG_WARN_INFINITE_RECURSION = YES;
				CLANG_WARN_INT_CONVERSION = YES;
				CLANG_WARN_NON_LITERAL_NULL_CONVERSION = YES;
				CLANG_WARN_OBJC_IMPLICIT_RETAIN_SELF = YES;
				CLANG_WARN_OBJC_LITERAL_CONVERSION = YES;
				CLANG_WARN_OBJC_ROOT_CLASS = YES_ERROR;
				CLANG_WARN_QUOTED_INCLUDE_IN_FRAMEWORK_HEADER = YES;
				CLANG_WARN_RANGE_LOOP_ANALYSIS = YES;
				CLANG_WARN_STRICT_PROTOTYPES = YES;
				CLANG_WARN_SUSPICIOUS_MOVE = YES;
				CLANG_WARN_UNGUARDED_AVAILABILITY = YES_AGGRESSIVE;
				CLANG_WARN_UNREACHABLE_CODE = YES;
				CLANG_WARN__DUPLICATE_METHOD_MATCH = YES;
				COPY_PHASE_STRIP = NO;
				DEBUG_INFORMATION_FORMAT = "dwarf-with-dsym";
				ENABLE_NS_ASSERTIONS = NO;
				ENABLE_STRICT_OBJC_MSGSEND = YES;
				GCC_C_LANGUAGE_STANDARD = gnu11;
				GCC_NO_COMMON_BLOCKS = YES;
				GCC_WARN_64_TO_32_BIT_CONVERSION = YES;
				GCC_WARN_ABOUT_RETURN_TYPE = YES_ERROR;
				GCC_WARN_UNDECLARED_SELECTOR = YES;
				GCC_WARN_UNINITIALIZED_AUTOS = YES_AGGRESSIVE;
				GCC_WARN_UNUSED_FUNCTION = YES;
				GCC_WARN_UNUSED_VARIABLE = YES;
				IPHONEOS_DEPLOYMENT_TARGET = 14.1;
				MTL_ENABLE_DEBUG_INFO = NO;
				MTL_FAST_MATH = YES;
				SDKROOT = iphoneos;
				SWIFT_COMPILATION_MODE = wholemodule;
				SWIFT_OPTIMIZATION_LEVEL = "-O";
				VALIDATE_PRODUCT = YES;
			};
			name = Release;
		};
		B6DCD6B1255AEDA300340143 /* Debug */ = {
			isa = XCBuildConfiguration;
			baseConfigurationReference = 1FA74AD02F54695574D5BF62 /* Pods-ChatNoir.debug.xcconfig */;
			buildSettings = {
				ASSETCATALOG_COMPILER_APPICON_NAME = AppIcon;
				ASSETCATALOG_COMPILER_GLOBAL_ACCENT_COLOR_NAME = AccentColor;
				CODE_SIGN_STYLE = Automatic;
				DEVELOPMENT_TEAM = 8ZU2A8P99A;
				INFOPLIST_FILE = "$(SRCROOT)/ChatNoir/Info.plist";
				IPHONEOS_DEPLOYMENT_TARGET = 14.1;
				LD_RUNPATH_SEARCH_PATHS = (
					"$(inherited)",
					"@executable_path/Frameworks",
				);
				PRODUCT_BUNDLE_IDENTIFIER = com.fred.ChatNoir;
				PRODUCT_NAME = "$(TARGET_NAME)";
				SWIFT_VERSION = 5.0;
				TARGETED_DEVICE_FAMILY = "1,2";
			};
			name = Debug;
		};
		B6DCD6B2255AEDA300340143 /* Release */ = {
			isa = XCBuildConfiguration;
			baseConfigurationReference = 5758A7C3B6FADA7B5276A150 /* Pods-ChatNoir.release.xcconfig */;
			buildSettings = {
				ASSETCATALOG_COMPILER_APPICON_NAME = AppIcon;
				ASSETCATALOG_COMPILER_GLOBAL_ACCENT_COLOR_NAME = AccentColor;
				CODE_SIGN_STYLE = Automatic;
				DEVELOPMENT_TEAM = 8ZU2A8P99A;
				INFOPLIST_FILE = "$(SRCROOT)/ChatNoir/Info.plist";
				IPHONEOS_DEPLOYMENT_TARGET = 14.1;
				LD_RUNPATH_SEARCH_PATHS = (
					"$(inherited)",
					"@executable_path/Frameworks",
				);
				PRODUCT_BUNDLE_IDENTIFIER = com.fred.ChatNoir;
				PRODUCT_NAME = "$(TARGET_NAME)";
				SWIFT_VERSION = 5.0;
				TARGETED_DEVICE_FAMILY = "1,2";
			};
			name = Release;
		};
/* End XCBuildConfiguration section */

/* Begin XCConfigurationList section */
		B6DCD697255AEDA100340143 /* Build configuration list for PBXProject "ChatNoir" */ = {
			isa = XCConfigurationList;
			buildConfigurations = (
				B6DCD6AE255AEDA300340143 /* Debug */,
				B6DCD6AF255AEDA300340143 /* Release */,
			);
			defaultConfigurationIsVisible = 0;
			defaultConfigurationName = Release;
		};
		B6DCD6B0255AEDA300340143 /* Build configuration list for PBXNativeTarget "ChatNoir" */ = {
			isa = XCConfigurationList;
			buildConfigurations = (
				B6DCD6B1255AEDA300340143 /* Debug */,
				B6DCD6B2255AEDA300340143 /* Release */,
			);
			defaultConfigurationIsVisible = 0;
			defaultConfigurationName = Release;
		};
/* End XCConfigurationList section */
	};
	rootObject = B6DCD694255AEDA100340143 /* Project object */;
}
